
Microsoft Visual Studio Solution File, Format Version 12.00
# Visual Studio Version 17
VisualStudioVersion = 17.0.31903.59
MinimumVisualStudioVersion = 10.0.40219.1
Project("{9A19103F-16F7-4668-BE54-9A1E7A4F7556}") = "TrucksProject.Domain", "TrucksProject.Domain\TrucksProject.Domain.csproj", "{73AFA136-4ECE-4D4C-8077-D6AF64C3264E}"
EndProject
Project("{9A19103F-16F7-4668-BE54-9A1E7A4F7556}") = "TrucksProject.Infra", "TrucksProject.Infra\TrucksProject.Infra.csproj", "{77082C16-853A-497D-BF65-C29F97CB76C4}"
EndProject
Project("{9A19103F-16F7-4668-BE54-9A1E7A4F7556}") = "TrucksProject.Core", "TrucksProject.Core\TrucksProject.Core.csproj", "{54176A91-FC09-44D5-A38C-9A096025F3D7}"
EndProject
Project("{9A19103F-16F7-4668-BE54-9A1E7A4F7556}") = "TrucksProject.Web", "TrucksProject.Web\TrucksProject.Web.csproj", "{4FAE3289-0129-46DD-A174-265EA69F3082}"
EndProject
Project("{9A19103F-16F7-4668-BE54-9A1E7A4F7556}") = "TrucksProject.TestUnit", "TrucksProject.TestUnit\TrucksProject.TestUnit.csproj", "{8EC3C441-9C09-4E3A-93AE-9388083BD0E1}"
EndProject
Global
	GlobalSection(SolutionConfigurationPlatforms) = preSolution
		Debug|Any CPU = Debug|Any CPU
		Release|Any CPU = Release|Any CPU
	EndGlobalSection
	GlobalSection(ProjectConfigurationPlatforms) = postSolution
		{73AFA136-4ECE-4D4C-8077-D6AF64C3264E}.Debug|Any CPU.ActiveCfg = Debug|Any CPU
		{73AFA136-4ECE-4D4C-8077-D6AF64C3264E}.Debug|Any CPU.Build.0 = Debug|Any CPU
		{73AFA136-4ECE-4D4C-8077-D6AF64C3264E}.Release|Any CPU.ActiveCfg = Release|Any CPU
		{73AFA136-4ECE-4D4C-8077-D6AF64C3264E}.Release|Any CPU.Build.0 = Release|Any CPU
		{77082C16-853A-497D-BF65-C29F97CB76C4}.Debug|Any CPU.ActiveCfg = Debug|Any CPU
		{77082C16-853A-497D-BF65-C29F97CB76C4}.Debug|Any CPU.Build.0 = Debug|Any CPU
		{77082C16-853A-497D-BF65-C29F97CB76C4}.Release|Any CPU.ActiveCfg = Release|Any CPU
		{77082C16-853A-497D-BF65-C29F97CB76C4}.Release|Any CPU.Build.0 = Release|Any CPU
		{54176A91-FC09-44D5-A38C-9A096025F3D7}.Debug|Any CPU.ActiveCfg = Debug|Any CPU
		{54176A91-FC09-44D5-A38C-9A096025F3D7}.Debug|Any CPU.Build.0 = Debug|Any CPU
		{54176A91-FC09-44D5-A38C-9A096025F3D7}.Release|Any CPU.ActiveCfg = Release|Any CPU
		{54176A91-FC09-44D5-A38C-9A096025F3D7}.Release|Any CPU.Build.0 = Release|Any CPU
		{4FAE3289-0129-46DD-A174-265EA69F3082}.Debug|Any CPU.ActiveCfg = Debug|Any CPU
		{4FAE3289-0129-46DD-A174-265EA69F3082}.Debug|Any CPU.Build.0 = Debug|Any CPU
		{4FAE3289-0129-46DD-A174-265EA69F3082}.Release|Any CPU.ActiveCfg = Release|Any CPU
		{4FAE3289-0129-46DD-A174-265EA69F3082}.Release|Any CPU.Build.0 = Release|Any CPU
		{8EC3C441-9C09-4E3A-93AE-9388083BD0E1}.Debug|Any CPU.ActiveCfg = Debug|Any CPU
		{8EC3C441-9C09-4E3A-93AE-9388083BD0E1}.Debug|Any CPU.Build.0 = Debug|Any CPU
		{8EC3C441-9C09-4E3A-93AE-9388083BD0E1}.Release|Any CPU.ActiveCfg = Release|Any CPU
		{8EC3C441-9C09-4E3A-93AE-9388083BD0E1}.Release|Any CPU.Build.0 = Release|Any CPU
	EndGlobalSection
	GlobalSection(SolutionProperties) = preSolution
		HideSolutionNode = FALSE
	EndGlobalSection
	GlobalSection(ExtensibilityGlobals) = postSolution
		SolutionGuid = {27A7088A-A439-4C22-999F-915017E27EE3}
	EndGlobalSection
EndGlobal
